<Solution>
  <Project Path="TB5.ConsoleApp.DapperSample/TB5.ConsoleApp.DapperSample.csproj" Id="d611f0a2-1bb0-4850-8d67-283e71baa547" />
  <Project Path="TB5.ConsoleApp.Database/TB5.ConsoleApp.Database.csproj" Id="3ea223c8-8eb8-4ddb-9053-7096a5abf621" />
  <Project Path="TB5.ConsoleApp.EFCoreSample/TB5.ConsoleApp.EFCoreSample.csproj" Id="02d630e7-1046-4f1a-8642-05fcee2e6f48" />
  <Project Path="TB5.ConsoleApp/TB5.ConsoleApp.csproj" />
</Solution>
